// !$*UTF8*$!
{
	archiveVersion = 1;
	classes = {
	};
	objectVersion = 46;
	objects = {

/* Begin PBXBuildFile section */
		DA4828BC1D35EDC0005C8862 /* AppDelegate.swift in Sources */ = {isa = PBXBuildFile; fileRef = DA4828BB1D35EDC0005C8862 /* AppDelegate.swift */; };
		DA4828BE1D35EDC0005C8862 /* ViewController.swift in Sources */ = {isa = PBXBuildFile; fileRef = DA4828BD1D35EDC0005C8862 /* ViewController.swift */; };
		DA4828C11D35EDC0005C8862 /* Main.storyboard in Resources */ = {isa = PBXBuildFile; fileRef = DA4828BF1D35EDC0005C8862 /* Main.storyboard */; };
		DA4828C31D35EDC0005C8862 /* Assets.xcassets in Resources */ = {isa = PBXBuildFile; fileRef = DA4828C21D35EDC0005C8862 /* Assets.xcassets */; };
		DA4828C61D35EDC0005C8862 /* LaunchScreen.storyboard in Resources */ = {isa = PBXBuildFile; fileRef = DA4828C41D35EDC0005C8862 /* LaunchScreen.storyboard */; };
		DA4828D11D35EEC1005C8862 /* XYViewController.m in Sources */ = {isa = PBXBuildFile; fileRef = DA4828D01D35EEC1005C8862 /* XYViewController.m */; };
		DA4828D31D3612CE005C8862 /* XYViewController.swift in Sources */ = {isa = PBXBuildFile; fileRef = DA4828D21D3612CE005C8862 /* XYViewController.swift */; };
/* End PBXBuildFile section */

/* Begin PBXFileReference section */
		DA4828B81D35EDC0005C8862 /* Swifty.app */ = {isa = PBXFileReference; explicitFileType = wrapper.application; includeInIndex = 0; path = Swifty.app; sourceTree = BUILT_PRODUCTS_DIR; };
		DA4828BB1D35EDC0005C8862 /* AppDelegate.swift */ = {isa = PBXFileReference; lastKnownFileType = sourcecode.swift; path = AppDelegate.swift; sourceTree = "<group>"; };
		DA4828BD1D35EDC0005C8862 /* ViewController.swift */ = {isa = PBXFileReference; lastKnownFileType = sourcecode.swift; path = ViewController.swift; sourceTree = "<group>"; };
		DA4828C01D35EDC0005C8862 /* Base */ = {isa = PBXFileReference; lastKnownFileType = file.storyboard; name = Base; path = Base.lproj/Main.storyboard; sourceTree = "<group>"; };
		DA4828C21D35EDC0005C8862 /* Assets.xcassets */ = {isa = PBXFileReference; lastKnownFileType = folder.assetcatalog; path = Assets.xcassets; sourceTree = "<group>"; };
		DA4828C51D35EDC0005C8862 /* Base */ = {isa = PBXFileReference; lastKnownFileType = file.storyboard; name = Base; path = Base.lproj/LaunchScreen.storyboard; sourceTree = "<group>"; };
		DA4828C71D35EDC0005C8862 /* Info.plist */ = {isa = PBXFileReference; lastKnownFileType = text.plist.xml; path = Info.plist; sourceTree = "<group>"; };
		DA4828CE1D35EEC1005C8862 /* Swifty-Bridging-Header.h */ = {isa = PBXFileReference; lastKnownFileType = sourcecode.c.h; path = "Swifty-Bridging-Header.h"; sourceTree = "<group>"; };
		DA4828CF1D35EEC1005C8862 /* XYViewController.h */ = {isa = PBXFileReference; fileEncoding = 4; lastKnownFileType = sourcecode.c.h; path = XYViewController.h; sourceTree = "<group>"; };
		DA4828D01D35EEC1005C8862 /* XYViewController.m */ = {isa = PBXFileReference; fileEncoding = 4; lastKnownFileType = sourcecode.c.objc; path = XYViewController.m; sourceTree = "<group>"; };
		DA4828D21D3612CE005C8862 /* XYViewController.swift */ = {isa = PBXFileReference; fileEncoding = 4; lastKnownFileType = sourcecode.swift; path = XYViewController.swift; sourceTree = "<group>"; };
		DA4828D41D361593005C8862 /* MyPlayground.playground */ = {isa = PBXFileReference; lastKnownFileType = file.playground; name = MyPlayground.playground; path = Swifty/MyPlayground.playground; sourceTree = SOURCE_ROOT; };
/* End PBXFileReference section */

/* Begin PBXFrameworksBuildPhase section */
		DA4828B51D35EDC0005C8862 /* Frameworks */ = {
			isa = PBXFrameworksBuildPhase;
			buildActionMask = 2147483647;
			files = (
			);
			runOnlyForDeploymentPostprocessing = 0;
		};
/* End PBXFrameworksBuildPhase section */

/* Begin PBXGroup section */
		DA4828AF1D35EDC0005C8862 = {
			isa = PBXGroup;
			children = (
				DA4828BA1D35EDC0005C8862 /* Swifty */,
				DA4828B91D35EDC0005C8862 /* Products */,
			);
			sourceTree = "<group>";
		};
		DA4828B91D35EDC0005C8862 /* Products */ = {
			isa = PBXGroup;
			children = (
				DA4828B81D35EDC0005C8862 /* Swifty.app */,
			);
			name = Products;
			sourceTree = "<group>";
		};
		DA4828BA1D35EDC0005C8862 /* Swifty */ = {
			isa = PBXGroup;
			children = (
				DA4828CD1D35EE91005C8862 /* objc-›swift */,
				DA4828BB1D35EDC0005C8862 /* AppDelegate.swift */,
				DA4828BD1D35EDC0005C8862 /* ViewController.swift */,
				DA4828BF1D35EDC0005C8862 /* Main.storyboard */,
				DA4828C21D35EDC0005C8862 /* Assets.xcassets */,
				DA4828C41D35EDC0005C8862 /* LaunchScreen.storyboard */,
				DA4828C71D35EDC0005C8862 /* Info.plist */,
				DA4828D41D361593005C8862 /* MyPlayground.playground */,
			);
			path = Swifty;
			sourceTree = "<group>";
		};
		DA4828CD1D35EE91005C8862 /* objc-›swift */ = {
			isa = PBXGroup;
			children = (
				DA4828CF1D35EEC1005C8862 /* XYViewController.h */,
				DA4828D01D35EEC1005C8862 /* XYViewController.m */,
				DA4828CE1D35EEC1005C8862 /* Swifty-Bridging-Header.h */,
				DA4828D21D3612CE005C8862 /* XYViewController.swift */,
			);
			path = "objc-›swift";
			sourceTree = "<group>";
		};
/* End PBXGroup section */

/* Begin PBXNativeTarget section */
		DA4828B71D35EDC0005C8862 /* Swifty */ = {
			isa = PBXNativeTarget;
			buildConfigurationList = DA4828CA1D35EDC0005C8862 /* Build configuration list for PBXNativeTarget "Swifty" */;
			buildPhases = (
				DA4828B41D35EDC0005C8862 /* Sources */,
				DA4828B51D35EDC0005C8862 /* Frameworks */,
				DA4828B61D35EDC0005C8862 /* Resources */,
			);
			buildRules = (
			);
			dependencies = (
			);
			name = Swifty;
			productName = Swifty;
			productReference = DA4828B81D35EDC0005C8862 /* Swifty.app */;
			productType = "com.apple.product-type.application";
		};
/* End PBXNativeTarget section */

/* Begin PBXProject section */
		DA4828B01D35EDC0005C8862 /* Project object */ = {
			isa = PBXProject;
			attributes = {
				LastSwiftUpdateCheck = 0730;
				LastUpgradeCheck = 0730;
				ORGANIZATIONNAME = XY;
				TargetAttributes = {
					DA4828B71D35EDC0005C8862 = {
						CreatedOnToolsVersion = 7.3.1;
						LastSwiftMigration = 0800;
					};
				};
			};
			buildConfigurationList = DA4828B31D35EDC0005C8862 /* Build configuration list for PBXProject "Swifty" */;
			compatibilityVersion = "Xcode 3.2";
			developmentRegion = English;
			hasScannedForEncodings = 0;
			knownRegions = (
				en,
				Base,
			);
			mainGroup = DA4828AF1D35EDC0005C8862;
			productRefGroup = DA4828B91D35EDC0005C8862 /* Products */;
			projectDirPath = "";
			projectRoot = "";
			targets = (
				DA4828B71D35EDC0005C8862 /* Swifty */,
			);
		};
/* End PBXProject section */

/* Begin PBXResourcesBuildPhase section */
		DA4828B61D35EDC0005C8862 /* Resources */ = {
			isa = PBXResourcesBuildPhase;
			buildActionMask = 2147483647;
			files = (
				DA4828C61D35EDC0005C8862 /* LaunchScreen.storyboard in Resources */,
				DA4828C31D35EDC0005C8862 /* Assets.xcassets in Resources */,
				DA4828C11D35EDC0005C8862 /* Main.storyboard in Resources */,
			);
			runOnlyForDeploymentPostprocessing = 0;
		};
/* End PBXResourcesBuildPhase section */

/* Begin PBXSourcesBuildPhase section */
		DA4828B41D35EDC0005C8862 /* Sources */ = {
			isa = PBXSourcesBuildPhase;
			buildActionMask = 2147483647;
			files = (
				DA4828BE1D35EDC0005C8862 /* ViewController.swift in Sources */,
				DA4828D31D3612CE005C8862 /* XYViewController.swift in Sources */,
				DA4828D11D35EEC1005C8862 /* XYViewController.m in Sources */,
				DA4828BC1D35EDC0005C8862 /* AppDelegate.swift in Sources */,
			);
			runOnlyForDeploymentPostprocessing = 0;
		};
/* End PBXSourcesBuildPhase section */

/* Begin PBXVariantGroup section */
		DA4828BF1D35EDC0005C8862 /* Main.storyboard */ = {
			isa = PBXVariantGroup;
			children = (
				DA4828C01D35EDC0005C8862 /* Base */,
			);
			name = Main.storyboard;
			sourceTree = "<group>";
		};
		DA4828C41D35EDC0005C8862 /* LaunchScreen.storyboard */ = {
			isa = PBXVariantGroup;
			children = (
				DA4828C51D35EDC0005C8862 /* Base */,
			);
			name = LaunchScreen.storyboard;
			sourceTree = "<group>";
		};
/* End PBXVariantGroup section */

/* Begin XCBuildConfiguration section */
		DA4828C81D35EDC0005C8862 /* Debug */ = {
			isa = XCBuildConfiguration;
			buildSettings = {
				ALWAYS_SEARCH_USER_PATHS = NO;
				CLANG_ANALYZER_NONNULL = YES;
				CLANG_CXX_LANGUAGE_STANDARD = "gnu++0x";
				CLANG_CXX_LIBRARY = "libc++";
				CLANG_ENABLE_MODULES = YES;
				CLANG_ENABLE_OBJC_ARC = YES;
				CLANG_WARN_BOOL_CONVERSION = YES;
				CLANG_WARN_CONSTANT_CONVERSION = YES;
				CLANG_WARN_DIRECT_OBJC_ISA_USAGE = YES_ERROR;
				CLANG_WARN_EMPTY_BODY = YES;
				CLANG_WARN_ENUM_CONVERSION = YES;
				CLANG_WARN_INT_CONVERSION = YES;
				CLANG_WARN_OBJC_ROOT_CLASS = YES_ERROR;
				CLANG_WARN_UNREACHABLE_CODE = YES;
				CLANG_WARN__DUPLICATE_METHOD_MATCH = YES;
				"CODE_SIGN_IDENTITY[sdk=iphoneos*]" = "iPhone Developer";
				COPY_PHASE_STRIP = NO;
				DEBUG_INFORMATION_FORMAT = dwarf;
				ENABLE_STRICT_OBJC_MSGSEND = YES;
				ENABLE_TESTABILITY = YES;
				GCC_C_LANGUAGE_STANDARD = gnu99;
				GCC_DYNAMIC_NO_PIC = NO;
				GCC_NO_COMMON_BLOCKS = YES;
				GCC_OPTIMIZATION_LEVEL = 0;
				GCC_PREPROCESSOR_DEFINITIONS = (
					"DEBUG=1",
					"$(inherited)",
				);
				GCC_WARN_64_TO_32_BIT_CONVERSION = YES;
				GCC_WARN_ABOUT_RETURN_TYPE = YES_ERROR;
				GCC_WARN_UNDECLARED_SELECTOR = YES;
				GCC_WARN_UNINITIALIZED_AUTOS = YES_AGGRESSIVE;
				GCC_WARN_UNUSED_FUNCTION = YES;
				GCC_WARN_UNUSED_VARIABLE = YES;
				IPHONEOS_DEPLOYMENT_TARGET = 9.3;
				MTL_ENABLE_DEBUG_INFO = YES;
				ONLY_ACTIVE_ARCH = YES;
				SDKROOT = iphoneos;
				SWIFT_OPTIMIZATION_LEVEL = "-Onone";
			};
			name = Debug;
		};
		DA4828C91D35EDC0005C8862 /* Release */ = {
			isa = XCBuildConfiguration;
			buildSettings = {
				ALWAYS_SEARCH_USER_PATHS = NO;
				CLANG_ANALYZER_NONNULL = YES;
				CLANG_CXX_LANGUAGE_STANDARD = "gnu++0x";
				CLANG_CXX_LIBRARY = "libc++";
				CLANG_ENABLE_MODULES = YES;
				CLANG_ENABLE_OBJC_ARC = YES;
				CLANG_WARN_BOOL_CONVERSION = YES;
				CLANG_WARN_CONSTANT_CONVERSION = YES;
				CLANG_WARN_DIRECT_OBJC_ISA_USAGE = YES_ERROR;
				CLANG_WARN_EMPTY_BODY = YES;
				CLANG_WARN_ENUM_CONVERSION = YES;
				CLANG_WARN_INT_CONVERSION = YES;
				CLANG_WARN_OBJC_ROOT_CLASS = YES_ERROR;
				CLANG_WARN_UNREACHABLE_CODE = YES;
				CLANG_WARN__DUPLICATE_METHOD_MATCH = YES;
				"CODE_SIGN_IDENTITY[sdk=iphoneos*]" = "iPhone Developer";
				COPY_PHASE_STRIP = NO;
				DEBUG_INFORMATION_FORMAT = "dwarf-with-dsym";
				ENABLE_NS_ASSERTIONS = NO;
				ENABLE_STRICT_OBJC_MSGSEND = YES;
				GCC_C_LANGUAGE_STANDARD = gnu99;
				GCC_NO_COMMON_BLOCKS = YES;
				GCC_WARN_64_TO_32_BIT_CONVERSION = YES;
				GCC_WARN_ABOUT_RETURN_TYPE = YES_ERROR;
				GCC_WARN_UNDECLARED_SELECTOR = YES;
				GCC_WARN_UNINITIALIZED_AUTOS = YES_AGGRESSIVE;
				GCC_WARN_UNUSED_FUNCTION = YES;
				GCC_WARN_UNUSED_VARIABLE = YES;
				IPHONEOS_DEPLOYMENT_TARGET = 9.3;
				MTL_ENABLE_DEBUG_INFO = NO;
				SDKROOT = iphoneos;
				VALIDATE_PRODUCT = YES;
			};
			name = Release;
		};
		DA4828CB1D35EDC0005C8862 /* Debug */ = {
			isa = XCBuildConfiguration;
			buildSettings = {
				ASSETCATALOG_COMPILER_APPICON_NAME = AppIcon;
				CLANG_ENABLE_MODULES = YES;
				INFOPLIST_FILE = Swifty/Info.plist;
				LD_RUNPATH_SEARCH_PATHS = "$(inherited) @executable_path/Frameworks";
				PRODUCT_BUNDLE_IDENTIFIER = com.xy.Swifty;
				PRODUCT_NAME = "$(TARGET_NAME)";
				SWIFT_OBJC_BRIDGING_HEADER = "Swifty/objc-›swift/Swifty-Bridging-Header.h";
				SWIFT_OPTIMIZATION_LEVEL = "-Onone";
				SWIFT_VERSION = 3.0;
			};
			name = Debug;
		};
		DA4828CC1D35EDC0005C8862 /* Release */ = {
			isa = XCBuildConfiguration;
			buildSettings = {
				ASSETCATALOG_COMPILER_APPICON_NAME = AppIcon;
				CLANG_ENABLE_MODULES = YES;
				INFOPLIST_FILE = Swifty/Info.plist;
				LD_RUNPATH_SEARCH_PATHS = "$(inherited) @executable_path/Frameworks";
				PRODUCT_BUNDLE_IDENTIFIER = com.xy.Swifty;
				PRODUCT_NAME = "$(TARGET_NAME)";
				SWIFT_OBJC_BRIDGING_HEADER = "Swifty/objc-›swift/Swifty-Bridging-Header.h";
				SWIFT_VERSION = 3.0;
			};
			name = Release;
		};
/* End XCBuildConfiguration section */

/* Begin XCConfigurationList section */
		DA4828B31D35EDC0005C8862 /* Build configuration list for PBXProject "Swifty" */ = {
			isa = XCConfigurationList;
			buildConfigurations = (
				DA4828C81D35EDC0005C8862 /* Debug */,
				DA4828C91D35EDC0005C8862 /* Release */,
			);
			defaultConfigurationIsVisible = 0;
			defaultConfigurationName = Release;
		};
		DA4828CA1D35EDC0005C8862 /* Build configuration list for PBXNativeTarget "Swifty" */ = {
			isa = XCConfigurationList;
			buildConfigurations = (
				DA4828CB1D35EDC0005C8862 /* Debug */,
				DA4828CC1D35EDC0005C8862 /* Release */,
			);
			defaultConfigurationIsVisible = 0;
			defaultConfigurationName = Release;
		};
/* End XCConfigurationList section */
	};
	rootObject = DA4828B01D35EDC0005C8862 /* Project object */;
}
