// !$*UTF8*$!
{
	archiveVersion = 1;
	classes = {
	};
	objectVersion = 46;
	objects = {

/* Begin PBXBuildFile section */
		DA21B0401D3CBA36009CE73B /* avatar.jpg in Resources */ = {isa = PBXBuildFile; fileRef = DA21B03F1D3CBA36009CE73B /* avatar.jpg */; };
		DA4F7BCB1D3F66C4001C1356 /* jordan.gif in Resources */ = {isa = PBXBuildFile; fileRef = DA4F7BCA1D3F66C4001C1356 /* jordan.gif */; };
		DA7851861D3F72B00022EBFB /* AppDelegateExtension.swift in Sources */ = {isa = PBXBuildFile; fileRef = DA7851851D3F72B00022EBFB /* AppDelegateExtension.swift */; };
		DA7851881D3F73470022EBFB /* ViewControllerExtension.swift in Sources */ = {isa = PBXBuildFile; fileRef = DA7851871D3F73470022EBFB /* ViewControllerExtension.swift */; };
		DA7851901D3F75910022EBFB /* NotificationService.swift in Sources */ = {isa = PBXBuildFile; fileRef = DA78518F1D3F75910022EBFB /* NotificationService.swift */; };
		DA7851941D3F75910022EBFB /* ServiceExtension.appex in Embed App Extensions */ = {isa = PBXBuildFile; fileRef = DA78518D1D3F75910022EBFB /* ServiceExtension.appex */; settings = {ATTRIBUTES = (RemoveHeadersOnCopy, ); }; };
		DA78519D1D3F7E3E0022EBFB /* UserNotifications.framework in Frameworks */ = {isa = PBXBuildFile; fileRef = DAC449A71D2A15A9002D58F4 /* UserNotifications.framework */; };
		DA78519E1D3F7E3E0022EBFB /* UserNotificationsUI.framework in Frameworks */ = {isa = PBXBuildFile; fileRef = DAC449A91D2A15A9002D58F4 /* UserNotificationsUI.framework */; };
		DA7851A11D3F7E3E0022EBFB /* NotificationViewController.swift in Sources */ = {isa = PBXBuildFile; fileRef = DA7851A01D3F7E3E0022EBFB /* NotificationViewController.swift */; };
		DA7851A41D3F7E3E0022EBFB /* MainInterface.storyboard in Resources */ = {isa = PBXBuildFile; fileRef = DA7851A21D3F7E3E0022EBFB /* MainInterface.storyboard */; };
		DA7851A81D3F7E3E0022EBFB /* ContentExtension.appex in Embed App Extensions */ = {isa = PBXBuildFile; fileRef = DA78519C1D3F7E3E0022EBFB /* ContentExtension.appex */; settings = {ATTRIBUTES = (RemoveHeadersOnCopy, ); }; };
		DA7851AD1D3F80C20022EBFB /* Resources.xcassets in Resources */ = {isa = PBXBuildFile; fileRef = DA7851AC1D3F80C20022EBFB /* Resources.xcassets */; };
		DA88D0BA1D59E52A004C5B34 /* NECourier.swift in Sources */ = {isa = PBXBuildFile; fileRef = DA88D0B91D59E52A004C5B34 /* NECourier.swift */; };
		DA88D0BB1D59E52D004C5B34 /* NECourier.swift in Sources */ = {isa = PBXBuildFile; fileRef = DA88D0B91D59E52A004C5B34 /* NECourier.swift */; };
		DA88D0BC1D59E52D004C5B34 /* NECourier.swift in Sources */ = {isa = PBXBuildFile; fileRef = DA88D0B91D59E52A004C5B34 /* NECourier.swift */; };
		DADB2EDC1D2A11E700BEC23B /* AppDelegate.swift in Sources */ = {isa = PBXBuildFile; fileRef = DADB2EDB1D2A11E700BEC23B /* AppDelegate.swift */; };
		DADB2EDE1D2A11E700BEC23B /* ViewController.swift in Sources */ = {isa = PBXBuildFile; fileRef = DADB2EDD1D2A11E700BEC23B /* ViewController.swift */; };
		DADB2EE11D2A11E700BEC23B /* Main.storyboard in Resources */ = {isa = PBXBuildFile; fileRef = DADB2EDF1D2A11E700BEC23B /* Main.storyboard */; };
		DADB2EE31D2A11E700BEC23B /* Assets.xcassets in Resources */ = {isa = PBXBuildFile; fileRef = DADB2EE21D2A11E700BEC23B /* Assets.xcassets */; };
		DADB2EE61D2A11E700BEC23B /* LaunchScreen.storyboard in Resources */ = {isa = PBXBuildFile; fileRef = DADB2EE41D2A11E700BEC23B /* LaunchScreen.storyboard */; };
/* End PBXBuildFile section */

/* Begin PBXContainerItemProxy section */
		DA7851921D3F75910022EBFB /* PBXContainerItemProxy */ = {
			isa = PBXContainerItemProxy;
			containerPortal = DADB2ED01D2A11E600BEC23B /* Project object */;
			proxyType = 1;
			remoteGlobalIDString = DA78518C1D3F75910022EBFB;
			remoteInfo = ServiceExtension;
		};
		DA7851A61D3F7E3E0022EBFB /* PBXContainerItemProxy */ = {
			isa = PBXContainerItemProxy;
			containerPortal = DADB2ED01D2A11E600BEC23B /* Project object */;
			proxyType = 1;
			remoteGlobalIDString = DA78519B1D3F7E3E0022EBFB;
			remoteInfo = ContentExtension;
		};
/* End PBXContainerItemProxy section */

/* Begin PBXCopyFilesBuildPhase section */
		DAC449A01D2A14F3002D58F4 /* Embed App Extensions */ = {
			isa = PBXCopyFilesBuildPhase;
			buildActionMask = 2147483647;
			dstPath = "";
			dstSubfolderSpec = 13;
			files = (
				DA7851A81D3F7E3E0022EBFB /* ContentExtension.appex in Embed App Extensions */,
				DA7851941D3F75910022EBFB /* ServiceExtension.appex in Embed App Extensions */,
			);
			name = "Embed App Extensions";
			runOnlyForDeploymentPostprocessing = 0;
		};
/* End PBXCopyFilesBuildPhase section */

/* Begin PBXFileReference section */
		DA21B03F1D3CBA36009CE73B /* avatar.jpg */ = {isa = PBXFileReference; lastKnownFileType = image.jpeg; path = avatar.jpg; sourceTree = "<group>"; };
		DA3EE7AA1D59D2A100E20E60 /* ServiceExtension.entitlements */ = {isa = PBXFileReference; lastKnownFileType = text.plist.entitlements; path = ServiceExtension.entitlements; sourceTree = "<group>"; };
		DA3EE7AB1D59D2AE00E20E60 /* ContentExtension.entitlements */ = {isa = PBXFileReference; lastKnownFileType = text.plist.entitlements; path = ContentExtension.entitlements; sourceTree = "<group>"; };
		DA4F7BCA1D3F66C4001C1356 /* jordan.gif */ = {isa = PBXFileReference; lastKnownFileType = image.gif; path = jordan.gif; sourceTree = "<group>"; };
		DA7851851D3F72B00022EBFB /* AppDelegateExtension.swift */ = {isa = PBXFileReference; fileEncoding = 4; lastKnownFileType = sourcecode.swift; path = AppDelegateExtension.swift; sourceTree = "<group>"; };
		DA7851871D3F73470022EBFB /* ViewControllerExtension.swift */ = {isa = PBXFileReference; fileEncoding = 4; lastKnownFileType = sourcecode.swift; path = ViewControllerExtension.swift; sourceTree = "<group>"; };
		DA78518D1D3F75910022EBFB /* ServiceExtension.appex */ = {isa = PBXFileReference; explicitFileType = "wrapper.app-extension"; includeInIndex = 0; path = ServiceExtension.appex; sourceTree = BUILT_PRODUCTS_DIR; };
		DA78518F1D3F75910022EBFB /* NotificationService.swift */ = {isa = PBXFileReference; lastKnownFileType = sourcecode.swift; path = NotificationService.swift; sourceTree = "<group>"; };
		DA7851911D3F75910022EBFB /* Info.plist */ = {isa = PBXFileReference; lastKnownFileType = text.plist.xml; path = Info.plist; sourceTree = "<group>"; };
		DA78519C1D3F7E3E0022EBFB /* ContentExtension.appex */ = {isa = PBXFileReference; explicitFileType = "wrapper.app-extension"; includeInIndex = 0; path = ContentExtension.appex; sourceTree = BUILT_PRODUCTS_DIR; };
		DA7851A01D3F7E3E0022EBFB /* NotificationViewController.swift */ = {isa = PBXFileReference; lastKnownFileType = sourcecode.swift; path = NotificationViewController.swift; sourceTree = "<group>"; };
		DA7851A31D3F7E3E0022EBFB /* Base */ = {isa = PBXFileReference; lastKnownFileType = file.storyboard; name = Base; path = Base.lproj/MainInterface.storyboard; sourceTree = "<group>"; };
		DA7851A51D3F7E3E0022EBFB /* Info.plist */ = {isa = PBXFileReference; lastKnownFileType = text.plist.xml; path = Info.plist; sourceTree = "<group>"; };
		DA7851AC1D3F80C20022EBFB /* Resources.xcassets */ = {isa = PBXFileReference; lastKnownFileType = folder.assetcatalog; path = Resources.xcassets; sourceTree = "<group>"; };
		DA88D0B91D59E52A004C5B34 /* NECourier.swift */ = {isa = PBXFileReference; fileEncoding = 4; lastKnownFileType = sourcecode.swift; path = NECourier.swift; sourceTree = "<group>"; };
		DAC449A71D2A15A9002D58F4 /* UserNotifications.framework */ = {isa = PBXFileReference; lastKnownFileType = wrapper.framework; name = UserNotifications.framework; path = System/Library/Frameworks/UserNotifications.framework; sourceTree = SDKROOT; };
		DAC449A91D2A15A9002D58F4 /* UserNotificationsUI.framework */ = {isa = PBXFileReference; lastKnownFileType = wrapper.framework; name = UserNotificationsUI.framework; path = System/Library/Frameworks/UserNotificationsUI.framework; sourceTree = SDKROOT; };
		DACBF2361D3DC66D0031C307 /* Notifications.entitlements */ = {isa = PBXFileReference; lastKnownFileType = text.xml; path = Notifications.entitlements; sourceTree = "<group>"; };
		DADB2ED81D2A11E700BEC23B /* Notifications.app */ = {isa = PBXFileReference; explicitFileType = wrapper.application; includeInIndex = 0; path = Notifications.app; sourceTree = BUILT_PRODUCTS_DIR; };
		DADB2EDB1D2A11E700BEC23B /* AppDelegate.swift */ = {isa = PBXFileReference; lastKnownFileType = sourcecode.swift; path = AppDelegate.swift; sourceTree = "<group>"; };
		DADB2EDD1D2A11E700BEC23B /* ViewController.swift */ = {isa = PBXFileReference; lastKnownFileType = sourcecode.swift; path = ViewController.swift; sourceTree = "<group>"; };
		DADB2EE01D2A11E700BEC23B /* Base */ = {isa = PBXFileReference; lastKnownFileType = file.storyboard; name = Base; path = Base.lproj/Main.storyboard; sourceTree = "<group>"; };
		DADB2EE21D2A11E700BEC23B /* Assets.xcassets */ = {isa = PBXFileReference; lastKnownFileType = folder.assetcatalog; path = Assets.xcassets; sourceTree = "<group>"; };
		DADB2EE51D2A11E700BEC23B /* Base */ = {isa = PBXFileReference; lastKnownFileType = file.storyboard; name = Base; path = Base.lproj/LaunchScreen.storyboard; sourceTree = "<group>"; };
		DADB2EE71D2A11E700BEC23B /* Info.plist */ = {isa = PBXFileReference; lastKnownFileType = text.plist.xml; path = Info.plist; sourceTree = "<group>"; };
/* End PBXFileReference section */

/* Begin PBXFrameworksBuildPhase section */
		DA78518A1D3F75910022EBFB /* Frameworks */ = {
			isa = PBXFrameworksBuildPhase;
			buildActionMask = 2147483647;
			files = (
			);
			runOnlyForDeploymentPostprocessing = 0;
		};
		DA7851991D3F7E3E0022EBFB /* Frameworks */ = {
			isa = PBXFrameworksBuildPhase;
			buildActionMask = 2147483647;
			files = (
				DA78519E1D3F7E3E0022EBFB /* UserNotificationsUI.framework in Frameworks */,
				DA78519D1D3F7E3E0022EBFB /* UserNotifications.framework in Frameworks */,
			);
			runOnlyForDeploymentPostprocessing = 0;
		};
		DADB2ED51D2A11E600BEC23B /* Frameworks */ = {
			isa = PBXFrameworksBuildPhase;
			buildActionMask = 2147483647;
			files = (
			);
			runOnlyForDeploymentPostprocessing = 0;
		};
/* End PBXFrameworksBuildPhase section */

/* Begin PBXGroup section */
		DA21B03C1D3CB9D0009CE73B /* resource */ = {
			isa = PBXGroup;
			children = (
				DA21B03F1D3CBA36009CE73B /* avatar.jpg */,
				DA4F7BCA1D3F66C4001C1356 /* jordan.gif */,
			);
			path = resource;
			sourceTree = SOURCE_ROOT;
		};
		DA3EE7A91D59D1D100E20E60 /* NECourier */ = {
			isa = PBXGroup;
			children = (
				DA88D0B91D59E52A004C5B34 /* NECourier.swift */,
			);
			path = NECourier;
			sourceTree = SOURCE_ROOT;
		};
		DA78518E1D3F75910022EBFB /* ServiceExtension */ = {
			isa = PBXGroup;
			children = (
				DA3EE7AA1D59D2A100E20E60 /* ServiceExtension.entitlements */,
				DA78518F1D3F75910022EBFB /* NotificationService.swift */,
				DA7851911D3F75910022EBFB /* Info.plist */,
			);
			path = ServiceExtension;
			sourceTree = "<group>";
		};
		DA78519F1D3F7E3E0022EBFB /* ContentExtension */ = {
			isa = PBXGroup;
			children = (
				DA3EE7AB1D59D2AE00E20E60 /* ContentExtension.entitlements */,
				DA7851AC1D3F80C20022EBFB /* Resources.xcassets */,
				DA7851A01D3F7E3E0022EBFB /* NotificationViewController.swift */,
				DA7851A21D3F7E3E0022EBFB /* MainInterface.storyboard */,
				DA7851A51D3F7E3E0022EBFB /* Info.plist */,
			);
			path = ContentExtension;
			sourceTree = "<group>";
		};
		DAC449A61D2A15A9002D58F4 /* Frameworks */ = {
			isa = PBXGroup;
			children = (
				DAC449A71D2A15A9002D58F4 /* UserNotifications.framework */,
				DAC449A91D2A15A9002D58F4 /* UserNotificationsUI.framework */,
			);
			name = Frameworks;
			sourceTree = "<group>";
		};
		DADB2ECF1D2A11E600BEC23B = {
			isa = PBXGroup;
			children = (
				DADB2EDA1D2A11E700BEC23B /* Notifications */,
				DA78518E1D3F75910022EBFB /* ServiceExtension */,
				DA78519F1D3F7E3E0022EBFB /* ContentExtension */,
				DAC449A61D2A15A9002D58F4 /* Frameworks */,
				DADB2ED91D2A11E700BEC23B /* Products */,
			);
			sourceTree = "<group>";
		};
		DADB2ED91D2A11E700BEC23B /* Products */ = {
			isa = PBXGroup;
			children = (
				DADB2ED81D2A11E700BEC23B /* Notifications.app */,
				DA78518D1D3F75910022EBFB /* ServiceExtension.appex */,
				DA78519C1D3F7E3E0022EBFB /* ContentExtension.appex */,
			);
			name = Products;
			sourceTree = "<group>";
		};
		DADB2EDA1D2A11E700BEC23B /* Notifications */ = {
			isa = PBXGroup;
			children = (
				DACBF2361D3DC66D0031C307 /* Notifications.entitlements */,
				DA3EE7A91D59D1D100E20E60 /* NECourier */,
				DA21B03C1D3CB9D0009CE73B /* resource */,
				DADB2EDB1D2A11E700BEC23B /* AppDelegate.swift */,
				DA7851851D3F72B00022EBFB /* AppDelegateExtension.swift */,
				DADB2EDD1D2A11E700BEC23B /* ViewController.swift */,
				DA7851871D3F73470022EBFB /* ViewControllerExtension.swift */,
				DADB2EDF1D2A11E700BEC23B /* Main.storyboard */,
				DADB2EE21D2A11E700BEC23B /* Assets.xcassets */,
				DADB2EE41D2A11E700BEC23B /* LaunchScreen.storyboard */,
				DADB2EE71D2A11E700BEC23B /* Info.plist */,
			);
			path = Notifications;
			sourceTree = "<group>";
		};
/* End PBXGroup section */

/* Begin PBXNativeTarget section */
		DA78518C1D3F75910022EBFB /* ServiceExtension */ = {
			isa = PBXNativeTarget;
			buildConfigurationList = DA7851951D3F75910022EBFB /* Build configuration list for PBXNativeTarget "ServiceExtension" */;
			buildPhases = (
				DA7851891D3F75910022EBFB /* Sources */,
				DA78518A1D3F75910022EBFB /* Frameworks */,
				DA78518B1D3F75910022EBFB /* Resources */,
			);
			buildRules = (
			);
			dependencies = (
			);
			name = ServiceExtension;
			productName = ServiceExtension;
			productReference = DA78518D1D3F75910022EBFB /* ServiceExtension.appex */;
			productType = "com.apple.product-type.app-extension";
		};
		DA78519B1D3F7E3E0022EBFB /* ContentExtension */ = {
			isa = PBXNativeTarget;
			buildConfigurationList = DA7851A91D3F7E3E0022EBFB /* Build configuration list for PBXNativeTarget "ContentExtension" */;
			buildPhases = (
				DA7851981D3F7E3E0022EBFB /* Sources */,
				DA7851991D3F7E3E0022EBFB /* Frameworks */,
				DA78519A1D3F7E3E0022EBFB /* Resources */,
			);
			buildRules = (
			);
			dependencies = (
			);
			name = ContentExtension;
			productName = ContentExtension;
			productReference = DA78519C1D3F7E3E0022EBFB /* ContentExtension.appex */;
			productType = "com.apple.product-type.app-extension";
		};
		DADB2ED71D2A11E600BEC23B /* Notifications */ = {
			isa = PBXNativeTarget;
			buildConfigurationList = DADB2EEA1D2A11E700BEC23B /* Build configuration list for PBXNativeTarget "Notifications" */;
			buildPhases = (
				DADB2ED41D2A11E600BEC23B /* Sources */,
				DADB2ED51D2A11E600BEC23B /* Frameworks */,
				DADB2ED61D2A11E600BEC23B /* Resources */,
				DAC449A01D2A14F3002D58F4 /* Embed App Extensions */,
			);
			buildRules = (
			);
			dependencies = (
				DA7851931D3F75910022EBFB /* PBXTargetDependency */,
				DA7851A71D3F7E3E0022EBFB /* PBXTargetDependency */,
			);
			name = Notifications;
			productName = Notifications;
			productReference = DADB2ED81D2A11E700BEC23B /* Notifications.app */;
			productType = "com.apple.product-type.application";
		};
/* End PBXNativeTarget section */

/* Begin PBXProject section */
		DADB2ED01D2A11E600BEC23B /* Project object */ = {
			isa = PBXProject;
			attributes = {
				LastSwiftUpdateCheck = 0800;
				LastUpgradeCheck = 0800;
				ORGANIZATIONNAME = "X Co., Ltd.";
				TargetAttributes = {
					DA78518C1D3F75910022EBFB = {
						CreatedOnToolsVersion = 8.0;
						DevelopmentTeam = 3LH7676BHR;
						DevelopmentTeamName = "晓华 于 (Personal Team)";
						ProvisioningStyle = Automatic;
						SystemCapabilities = {
							com.apple.ApplicationGroups.iOS = {
								enabled = 1;
							};
						};
					};
					DA78519B1D3F7E3E0022EBFB = {
						CreatedOnToolsVersion = 8.0;
						DevelopmentTeam = 3LH7676BHR;
						DevelopmentTeamName = "晓华 于 (Personal Team)";
						ProvisioningStyle = Automatic;
						SystemCapabilities = {
							com.apple.ApplicationGroups.iOS = {
								enabled = 1;
							};
						};
					};
					DADB2ED71D2A11E600BEC23B = {
						CreatedOnToolsVersion = 8.0;
						DevelopmentTeam = 3LH7676BHR;
						DevelopmentTeamName = "晓华 于 (Personal Team)";
						ProvisioningStyle = Automatic;
						SystemCapabilities = {
							com.apple.ApplicationGroups.iOS = {
								enabled = 1;
							};
							com.apple.BackgroundModes = {
								enabled = 1;
							};
							com.apple.Keychain = {
								enabled = 0;
							};
							com.apple.Push = {
								enabled = 0;
							};
						};
					};
				};
			};
			buildConfigurationList = DADB2ED31D2A11E600BEC23B /* Build configuration list for PBXProject "Notifications" */;
			compatibilityVersion = "Xcode 3.2";
			developmentRegion = English;
			hasScannedForEncodings = 0;
			knownRegions = (
				en,
				Base,
			);
			mainGroup = DADB2ECF1D2A11E600BEC23B;
			productRefGroup = DADB2ED91D2A11E700BEC23B /* Products */;
			projectDirPath = "";
			projectRoot = "";
			targets = (
				DADB2ED71D2A11E600BEC23B /* Notifications */,
				DA78518C1D3F75910022EBFB /* ServiceExtension */,
				DA78519B1D3F7E3E0022EBFB /* ContentExtension */,
			);
		};
/* End PBXProject section */

/* Begin PBXResourcesBuildPhase section */
		DA78518B1D3F75910022EBFB /* Resources */ = {
			isa = PBXResourcesBuildPhase;
			buildActionMask = 2147483647;
			files = (
			);
			runOnlyForDeploymentPostprocessing = 0;
		};
		DA78519A1D3F7E3E0022EBFB /* Resources */ = {
			isa = PBXResourcesBuildPhase;
			buildActionMask = 2147483647;
			files = (
				DA7851A41D3F7E3E0022EBFB /* MainInterface.storyboard in Resources */,
				DA7851AD1D3F80C20022EBFB /* Resources.xcassets in Resources */,
			);
			runOnlyForDeploymentPostprocessing = 0;
		};
		DADB2ED61D2A11E600BEC23B /* Resources */ = {
			isa = PBXResourcesBuildPhase;
			buildActionMask = 2147483647;
			files = (
				DA4F7BCB1D3F66C4001C1356 /* jordan.gif in Resources */,
				DA21B0401D3CBA36009CE73B /* avatar.jpg in Resources */,
				DADB2EE61D2A11E700BEC23B /* LaunchScreen.storyboard in Resources */,
				DADB2EE31D2A11E700BEC23B /* Assets.xcassets in Resources */,
				DADB2EE11D2A11E700BEC23B /* Main.storyboard in Resources */,
			);
			runOnlyForDeploymentPostprocessing = 0;
		};
/* End PBXResourcesBuildPhase section */

/* Begin PBXSourcesBuildPhase section */
		DA7851891D3F75910022EBFB /* Sources */ = {
			isa = PBXSourcesBuildPhase;
			buildActionMask = 2147483647;
			files = (
				DA88D0BB1D59E52D004C5B34 /* NECourier.swift in Sources */,
				DA7851901D3F75910022EBFB /* NotificationService.swift in Sources */,
			);
			runOnlyForDeploymentPostprocessing = 0;
		};
		DA7851981D3F7E3E0022EBFB /* Sources */ = {
			isa = PBXSourcesBuildPhase;
			buildActionMask = 2147483647;
			files = (
				DA88D0BC1D59E52D004C5B34 /* NECourier.swift in Sources */,
				DA7851A11D3F7E3E0022EBFB /* NotificationViewController.swift in Sources */,
			);
			runOnlyForDeploymentPostprocessing = 0;
		};
		DADB2ED41D2A11E600BEC23B /* Sources */ = {
			isa = PBXSourcesBuildPhase;
			buildActionMask = 2147483647;
			files = (
				DA88D0BA1D59E52A004C5B34 /* NECourier.swift in Sources */,
				DA7851881D3F73470022EBFB /* ViewControllerExtension.swift in Sources */,
				DADB2EDE1D2A11E700BEC23B /* ViewController.swift in Sources */,
				DA7851861D3F72B00022EBFB /* AppDelegateExtension.swift in Sources */,
				DADB2EDC1D2A11E700BEC23B /* AppDelegate.swift in Sources */,
			);
			runOnlyForDeploymentPostprocessing = 0;
		};
/* End PBXSourcesBuildPhase section */

/* Begin PBXTargetDependency section */
		DA7851931D3F75910022EBFB /* PBXTargetDependency */ = {
			isa = PBXTargetDependency;
			target = DA78518C1D3F75910022EBFB /* ServiceExtension */;
			targetProxy = DA7851921D3F75910022EBFB /* PBXContainerItemProxy */;
		};
		DA7851A71D3F7E3E0022EBFB /* PBXTargetDependency */ = {
			isa = PBXTargetDependency;
			target = DA78519B1D3F7E3E0022EBFB /* ContentExtension */;
			targetProxy = DA7851A61D3F7E3E0022EBFB /* PBXContainerItemProxy */;
		};
/* End PBXTargetDependency section */

/* Begin PBXVariantGroup section */
		DA7851A21D3F7E3E0022EBFB /* MainInterface.storyboard */ = {
			isa = PBXVariantGroup;
			children = (
				DA7851A31D3F7E3E0022EBFB /* Base */,
			);
			name = MainInterface.storyboard;
			sourceTree = "<group>";
		};
		DADB2EDF1D2A11E700BEC23B /* Main.storyboard */ = {
			isa = PBXVariantGroup;
			children = (
				DADB2EE01D2A11E700BEC23B /* Base */,
			);
			name = Main.storyboard;
			sourceTree = "<group>";
		};
		DADB2EE41D2A11E700BEC23B /* LaunchScreen.storyboard */ = {
			isa = PBXVariantGroup;
			children = (
				DADB2EE51D2A11E700BEC23B /* Base */,
			);
			name = LaunchScreen.storyboard;
			sourceTree = "<group>";
		};
/* End PBXVariantGroup section */

/* Begin XCBuildConfiguration section */
		DA7851961D3F75910022EBFB /* Debug */ = {
			isa = XCBuildConfiguration;
			buildSettings = {
				CODE_SIGN_ENTITLEMENTS = ServiceExtension/ServiceExtension.entitlements;
				DEVELOPMENT_TEAM = 3LH7676BHR;
				INFOPLIST_FILE = ServiceExtension/Info.plist;
				LD_RUNPATH_SEARCH_PATHS = "$(inherited) @executable_path/Frameworks @executable_path/../../Frameworks";
				PRODUCT_BUNDLE_IDENTIFIER = d.migo.Notifications.ServiceExtension;
				PRODUCT_NAME = "$(TARGET_NAME)";
				SKIP_INSTALL = YES;
				SWIFT_VERSION = 3.0;
			};
			name = Debug;
		};
		DA7851971D3F75910022EBFB /* Release */ = {
			isa = XCBuildConfiguration;
			buildSettings = {
				CODE_SIGN_ENTITLEMENTS = ServiceExtension/ServiceExtension.entitlements;
				DEVELOPMENT_TEAM = 3LH7676BHR;
				INFOPLIST_FILE = ServiceExtension/Info.plist;
				LD_RUNPATH_SEARCH_PATHS = "$(inherited) @executable_path/Frameworks @executable_path/../../Frameworks";
				PRODUCT_BUNDLE_IDENTIFIER = d.migo.Notifications.ServiceExtension;
				PRODUCT_NAME = "$(TARGET_NAME)";
				SKIP_INSTALL = YES;
				SWIFT_VERSION = 3.0;
			};
			name = Release;
		};
		DA7851AA1D3F7E3E0022EBFB /* Debug */ = {
			isa = XCBuildConfiguration;
			buildSettings = {
				CODE_SIGN_ENTITLEMENTS = ContentExtension/ContentExtension.entitlements;
				DEVELOPMENT_TEAM = 3LH7676BHR;
				INFOPLIST_FILE = ContentExtension/Info.plist;
				LD_RUNPATH_SEARCH_PATHS = "$(inherited) @executable_path/Frameworks @executable_path/../../Frameworks";
				PRODUCT_BUNDLE_IDENTIFIER = d.migo.Notifications.ContentExtension;
				PRODUCT_NAME = "$(TARGET_NAME)";
				SKIP_INSTALL = YES;
				SWIFT_VERSION = 3.0;
			};
			name = Debug;
		};
		DA7851AB1D3F7E3E0022EBFB /* Release */ = {
			isa = XCBuildConfiguration;
			buildSettings = {
				CODE_SIGN_ENTITLEMENTS = ContentExtension/ContentExtension.entitlements;
				DEVELOPMENT_TEAM = 3LH7676BHR;
				INFOPLIST_FILE = ContentExtension/Info.plist;
				LD_RUNPATH_SEARCH_PATHS = "$(inherited) @executable_path/Frameworks @executable_path/../../Frameworks";
				PRODUCT_BUNDLE_IDENTIFIER = d.migo.Notifications.ContentExtension;
				PRODUCT_NAME = "$(TARGET_NAME)";
				SKIP_INSTALL = YES;
				SWIFT_VERSION = 3.0;
			};
			name = Release;
		};
		DADB2EE81D2A11E700BEC23B /* Debug */ = {
			isa = XCBuildConfiguration;
			buildSettings = {
				ALWAYS_SEARCH_USER_PATHS = NO;
				CLANG_ANALYZER_NONNULL = YES;
				CLANG_CXX_LANGUAGE_STANDARD = "gnu++0x";
				CLANG_CXX_LIBRARY = "libc++";
				CLANG_ENABLE_MODULES = YES;
				CLANG_ENABLE_OBJC_ARC = YES;
				CLANG_WARN_BOOL_CONVERSION = YES;
				CLANG_WARN_CONSTANT_CONVERSION = YES;
				CLANG_WARN_DIRECT_OBJC_ISA_USAGE = YES_ERROR;
				CLANG_WARN_DOCUMENTATION_COMMENTS = YES;
				CLANG_WARN_EMPTY_BODY = YES;
				CLANG_WARN_ENUM_CONVERSION = YES;
				CLANG_WARN_INT_CONVERSION = YES;
				CLANG_WARN_OBJC_ROOT_CLASS = YES_ERROR;
				CLANG_WARN_UNREACHABLE_CODE = YES;
				CLANG_WARN__DUPLICATE_METHOD_MATCH = YES;
				"CODE_SIGN_IDENTITY[sdk=iphoneos*]" = "iPhone Developer";
				COPY_PHASE_STRIP = NO;
				DEBUG_INFORMATION_FORMAT = dwarf;
				ENABLE_STRICT_OBJC_MSGSEND = YES;
				ENABLE_TESTABILITY = YES;
				GCC_C_LANGUAGE_STANDARD = gnu99;
				GCC_DYNAMIC_NO_PIC = NO;
				GCC_NO_COMMON_BLOCKS = YES;
				GCC_OPTIMIZATION_LEVEL = 0;
				GCC_PREPROCESSOR_DEFINITIONS = (
					"DEBUG=1",
					"$(inherited)",
				);
				GCC_WARN_64_TO_32_BIT_CONVERSION = YES;
				GCC_WARN_ABOUT_RETURN_TYPE = YES_ERROR;
				GCC_WARN_UNDECLARED_SELECTOR = YES;
				GCC_WARN_UNINITIALIZED_AUTOS = YES_AGGRESSIVE;
				GCC_WARN_UNUSED_FUNCTION = YES;
				GCC_WARN_UNUSED_VARIABLE = YES;
				IPHONEOS_DEPLOYMENT_TARGET = 10.0;
				MTL_ENABLE_DEBUG_INFO = YES;
				ONLY_ACTIVE_ARCH = YES;
				SDKROOT = iphoneos;
				SWIFT_ACTIVE_COMPILATION_CONDITIONS = DEBUG;
				SWIFT_OPTIMIZATION_LEVEL = "-Onone";
			};
			name = Debug;
		};
		DADB2EE91D2A11E700BEC23B /* Release */ = {
			isa = XCBuildConfiguration;
			buildSettings = {
				ALWAYS_SEARCH_USER_PATHS = NO;
				CLANG_ANALYZER_NONNULL = YES;
				CLANG_CXX_LANGUAGE_STANDARD = "gnu++0x";
				CLANG_CXX_LIBRARY = "libc++";
				CLANG_ENABLE_MODULES = YES;
				CLANG_ENABLE_OBJC_ARC = YES;
				CLANG_WARN_BOOL_CONVERSION = YES;
				CLANG_WARN_CONSTANT_CONVERSION = YES;
				CLANG_WARN_DIRECT_OBJC_ISA_USAGE = YES_ERROR;
				CLANG_WARN_DOCUMENTATION_COMMENTS = YES;
				CLANG_WARN_EMPTY_BODY = YES;
				CLANG_WARN_ENUM_CONVERSION = YES;
				CLANG_WARN_INT_CONVERSION = YES;
				CLANG_WARN_OBJC_ROOT_CLASS = YES_ERROR;
				CLANG_WARN_UNREACHABLE_CODE = YES;
				CLANG_WARN__DUPLICATE_METHOD_MATCH = YES;
				"CODE_SIGN_IDENTITY[sdk=iphoneos*]" = "iPhone Developer";
				COPY_PHASE_STRIP = NO;
				DEBUG_INFORMATION_FORMAT = "dwarf-with-dsym";
				ENABLE_NS_ASSERTIONS = NO;
				ENABLE_STRICT_OBJC_MSGSEND = YES;
				GCC_C_LANGUAGE_STANDARD = gnu99;
				GCC_NO_COMMON_BLOCKS = YES;
				GCC_WARN_64_TO_32_BIT_CONVERSION = YES;
				GCC_WARN_ABOUT_RETURN_TYPE = YES_ERROR;
				GCC_WARN_UNDECLARED_SELECTOR = YES;
				GCC_WARN_UNINITIALIZED_AUTOS = YES_AGGRESSIVE;
				GCC_WARN_UNUSED_FUNCTION = YES;
				GCC_WARN_UNUSED_VARIABLE = YES;
				IPHONEOS_DEPLOYMENT_TARGET = 10.0;
				MTL_ENABLE_DEBUG_INFO = NO;
				SDKROOT = iphoneos;
				SWIFT_OPTIMIZATION_LEVEL = "-Owholemodule";
				VALIDATE_PRODUCT = YES;
			};
			name = Release;
		};
		DADB2EEB1D2A11E700BEC23B /* Debug */ = {
			isa = XCBuildConfiguration;
			buildSettings = {
				ALWAYS_EMBED_SWIFT_STANDARD_LIBRARIES = YES;
				ASSETCATALOG_COMPILER_APPICON_NAME = AppIcon;
				CODE_SIGN_ENTITLEMENTS = Notifications/Notifications.entitlements;
				CODE_SIGN_IDENTITY = "iPhone Developer: sddz_yuxiaohua@hotmail.com (3B5WWL8B32)";
				"CODE_SIGN_IDENTITY[sdk=iphoneos*]" = "iPhone Developer";
				DEVELOPMENT_TEAM = 3LH7676BHR;
				INFOPLIST_FILE = Notifications/Info.plist;
				IPHONEOS_DEPLOYMENT_TARGET = 10.0;
				LD_RUNPATH_SEARCH_PATHS = "$(inherited) @executable_path/Frameworks";
				PRODUCT_BUNDLE_IDENTIFIER = d.migo.Notifications;
				PRODUCT_NAME = "$(TARGET_NAME)";
				SWIFT_VERSION = 3.0;
			};
			name = Debug;
		};
		DADB2EEC1D2A11E700BEC23B /* Release */ = {
			isa = XCBuildConfiguration;
			buildSettings = {
				ALWAYS_EMBED_SWIFT_STANDARD_LIBRARIES = YES;
				ASSETCATALOG_COMPILER_APPICON_NAME = AppIcon;
				CODE_SIGN_ENTITLEMENTS = Notifications/Notifications.entitlements;
				CODE_SIGN_IDENTITY = "iPhone Developer: sddz_yuxiaohua@hotmail.com (3B5WWL8B32)";
				"CODE_SIGN_IDENTITY[sdk=iphoneos*]" = "iPhone Developer";
				DEVELOPMENT_TEAM = 3LH7676BHR;
				INFOPLIST_FILE = Notifications/Info.plist;
				IPHONEOS_DEPLOYMENT_TARGET = 10.0;
				LD_RUNPATH_SEARCH_PATHS = "$(inherited) @executable_path/Frameworks";
				PRODUCT_BUNDLE_IDENTIFIER = d.migo.Notifications;
				PRODUCT_NAME = "$(TARGET_NAME)";
				SWIFT_VERSION = 3.0;
			};
			name = Release;
		};
/* End XCBuildConfiguration section */

/* Begin XCConfigurationList section */
		DA7851951D3F75910022EBFB /* Build configuration list for PBXNativeTarget "ServiceExtension" */ = {
			isa = XCConfigurationList;
			buildConfigurations = (
				DA7851961D3F75910022EBFB /* Debug */,
				DA7851971D3F75910022EBFB /* Release */,
			);
			defaultConfigurationIsVisible = 0;
			defaultConfigurationName = Release;
		};
		DA7851A91D3F7E3E0022EBFB /* Build configuration list for PBXNativeTarget "ContentExtension" */ = {
			isa = XCConfigurationList;
			buildConfigurations = (
				DA7851AA1D3F7E3E0022EBFB /* Debug */,
				DA7851AB1D3F7E3E0022EBFB /* Release */,
			);
			defaultConfigurationIsVisible = 0;
			defaultConfigurationName = Release;
		};
		DADB2ED31D2A11E600BEC23B /* Build configuration list for PBXProject "Notifications" */ = {
			isa = XCConfigurationList;
			buildConfigurations = (
				DADB2EE81D2A11E700BEC23B /* Debug */,
				DADB2EE91D2A11E700BEC23B /* Release */,
			);
			defaultConfigurationIsVisible = 0;
			defaultConfigurationName = Release;
		};
		DADB2EEA1D2A11E700BEC23B /* Build configuration list for PBXNativeTarget "Notifications" */ = {
			isa = XCConfigurationList;
			buildConfigurations = (
				DADB2EEB1D2A11E700BEC23B /* Debug */,
				DADB2EEC1D2A11E700BEC23B /* Release */,
			);
			defaultConfigurationIsVisible = 0;
			defaultConfigurationName = Release;
		};
/* End XCConfigurationList section */
	};
	rootObject = DADB2ED01D2A11E600BEC23B /* Project object */;
}
