// !$*UTF8*$!
{
	archiveVersion = 1;
	classes = {
	};
	objectVersion = 46;
	objects = {

/* Begin PBXBuildFile section */
		DADB2EDC1D2A11E700BEC23B /* AppDelegate.swift in Sources */ = {isa = PBXBuildFile; fileRef = DADB2EDB1D2A11E700BEC23B /* AppDelegate.swift */; };
		DADB2EDE1D2A11E700BEC23B /* ViewController.swift in Sources */ = {isa = PBXBuildFile; fileRef = DADB2EDD1D2A11E700BEC23B /* ViewController.swift */; };
		DADB2EE11D2A11E700BEC23B /* Main.storyboard in Resources */ = {isa = PBXBuildFile; fileRef = DADB2EDF1D2A11E700BEC23B /* Main.storyboard */; };
		DADB2EE31D2A11E700BEC23B /* Assets.xcassets in Resources */ = {isa = PBXBuildFile; fileRef = DADB2EE21D2A11E700BEC23B /* Assets.xcassets */; };
		DADB2EE61D2A11E700BEC23B /* LaunchScreen.storyboard in Resources */ = {isa = PBXBuildFile; fileRef = DADB2EE41D2A11E700BEC23B /* LaunchScreen.storyboard */; };
/* End PBXBuildFile section */

/* Begin PBXFileReference section */
		DADB2ED81D2A11E700BEC23B /* Notifications.app */ = {isa = PBXFileReference; explicitFileType = wrapper.application; includeInIndex = 0; path = Notifications.app; sourceTree = BUILT_PRODUCTS_DIR; };
		DADB2EDB1D2A11E700BEC23B /* AppDelegate.swift */ = {isa = PBXFileReference; lastKnownFileType = sourcecode.swift; path = AppDelegate.swift; sourceTree = "<group>"; };
		DADB2EDD1D2A11E700BEC23B /* ViewController.swift */ = {isa = PBXFileReference; lastKnownFileType = sourcecode.swift; path = ViewController.swift; sourceTree = "<group>"; };
		DADB2EE01D2A11E700BEC23B /* Base */ = {isa = PBXFileReference; lastKnownFileType = file.storyboard; name = Base; path = Base.lproj/Main.storyboard; sourceTree = "<group>"; };
		DADB2EE21D2A11E700BEC23B /* Assets.xcassets */ = {isa = PBXFileReference; lastKnownFileType = folder.assetcatalog; path = Assets.xcassets; sourceTree = "<group>"; };
		DADB2EE51D2A11E700BEC23B /* Base */ = {isa = PBXFileReference; lastKnownFileType = file.storyboard; name = Base; path = Base.lproj/LaunchScreen.storyboard; sourceTree = "<group>"; };
		DADB2EE71D2A11E700BEC23B /* Info.plist */ = {isa = PBXFileReference; lastKnownFileType = text.plist.xml; path = Info.plist; sourceTree = "<group>"; };
/* End PBXFileReference section */

/* Begin PBXFrameworksBuildPhase section */
		DADB2ED51D2A11E600BEC23B /* Frameworks */ = {
			isa = PBXFrameworksBuildPhase;
			buildActionMask = 2147483647;
			files = (
			);
			runOnlyForDeploymentPostprocessing = 0;
		};
/* End PBXFrameworksBuildPhase section */

/* Begin PBXGroup section */
		DADB2ECF1D2A11E600BEC23B = {
			isa = PBXGroup;
			children = (
				DADB2EDA1D2A11E700BEC23B /* Notifications */,
				DADB2ED91D2A11E700BEC23B /* Products */,
			);
			sourceTree = "<group>";
		};
		DADB2ED91D2A11E700BEC23B /* Products */ = {
			isa = PBXGroup;
			children = (
				DADB2ED81D2A11E700BEC23B /* Notifications.app */,
			);
			name = Products;
			sourceTree = "<group>";
		};
		DADB2EDA1D2A11E700BEC23B /* Notifications */ = {
			isa = PBXGroup;
			children = (
				DADB2EDB1D2A11E700BEC23B /* AppDelegate.swift */,
				DADB2EDD1D2A11E700BEC23B /* ViewController.swift */,
				DADB2EDF1D2A11E700BEC23B /* Main.storyboard */,
				DADB2EE21D2A11E700BEC23B /* Assets.xcassets */,
				DADB2EE41D2A11E700BEC23B /* LaunchScreen.storyboard */,
				DADB2EE71D2A11E700BEC23B /* Info.plist */,
			);
			path = Notifications;
			sourceTree = "<group>";
		};
/* End PBXGroup section */

/* Begin PBXNativeTarget section */
		DADB2ED71D2A11E600BEC23B /* Notifications */ = {
			isa = PBXNativeTarget;
			buildConfigurationList = DADB2EEA1D2A11E700BEC23B /* Build configuration list for PBXNativeTarget "Notifications" */;
			buildPhases = (
				DADB2ED41D2A11E600BEC23B /* Sources */,
				DADB2ED51D2A11E600BEC23B /* Frameworks */,
				DADB2ED61D2A11E600BEC23B /* Resources */,
			);
			buildRules = (
			);
			dependencies = (
			);
			name = Notifications;
			productName = Notifications;
			productReference = DADB2ED81D2A11E700BEC23B /* Notifications.app */;
			productType = "com.apple.product-type.application";
		};
/* End PBXNativeTarget section */

/* Begin PBXProject section */
		DADB2ED01D2A11E600BEC23B /* Project object */ = {
			isa = PBXProject;
			attributes = {
				LastSwiftUpdateCheck = 0800;
				LastUpgradeCheck = 0800;
				ORGANIZATIONNAME = "X Co., Ltd.";
				TargetAttributes = {
					DADB2ED71D2A11E600BEC23B = {
						CreatedOnToolsVersion = 8.0;
						DevelopmentTeam = 3LH7676BHR;
						DevelopmentTeamName = "晓华 于 (Personal Team)";
						ProvisioningStyle = Automatic;
					};
				};
			};
			buildConfigurationList = DADB2ED31D2A11E600BEC23B /* Build configuration list for PBXProject "Notifications" */;
			compatibilityVersion = "Xcode 3.2";
			developmentRegion = English;
			hasScannedForEncodings = 0;
			knownRegions = (
				en,
				Base,
			);
			mainGroup = DADB2ECF1D2A11E600BEC23B;
			productRefGroup = DADB2ED91D2A11E700BEC23B /* Products */;
			projectDirPath = "";
			projectRoot = "";
			targets = (
				DADB2ED71D2A11E600BEC23B /* Notifications */,
			);
		};
/* End PBXProject section */

/* Begin PBXResourcesBuildPhase section */
		DADB2ED61D2A11E600BEC23B /* Resources */ = {
			isa = PBXResourcesBuildPhase;
			buildActionMask = 2147483647;
			files = (
				DADB2EE61D2A11E700BEC23B /* LaunchScreen.storyboard in Resources */,
				DADB2EE31D2A11E700BEC23B /* Assets.xcassets in Resources */,
				DADB2EE11D2A11E700BEC23B /* Main.storyboard in Resources */,
			);
			runOnlyForDeploymentPostprocessing = 0;
		};
/* End PBXResourcesBuildPhase section */

/* Begin PBXSourcesBuildPhase section */
		DADB2ED41D2A11E600BEC23B /* Sources */ = {
			isa = PBXSourcesBuildPhase;
			buildActionMask = 2147483647;
			files = (
				DADB2EDE1D2A11E700BEC23B /* ViewController.swift in Sources */,
				DADB2EDC1D2A11E700BEC23B /* AppDelegate.swift in Sources */,
			);
			runOnlyForDeploymentPostprocessing = 0;
		};
/* End PBXSourcesBuildPhase section */

/* Begin PBXVariantGroup section */
		DADB2EDF1D2A11E700BEC23B /* Main.storyboard */ = {
			isa = PBXVariantGroup;
			children = (
				DADB2EE01D2A11E700BEC23B /* Base */,
			);
			name = Main.storyboard;
			sourceTree = "<group>";
		};
		DADB2EE41D2A11E700BEC23B /* LaunchScreen.storyboard */ = {
			isa = PBXVariantGroup;
			children = (
				DADB2EE51D2A11E700BEC23B /* Base */,
			);
			name = LaunchScreen.storyboard;
			sourceTree = "<group>";
		};
/* End PBXVariantGroup section */

/* Begin XCBuildConfiguration section */
		DADB2EE81D2A11E700BEC23B /* Debug */ = {
			isa = XCBuildConfiguration;
			buildSettings = {
				ALWAYS_SEARCH_USER_PATHS = NO;
				CLANG_ANALYZER_NONNULL = YES;
				CLANG_CXX_LANGUAGE_STANDARD = "gnu++0x";
				CLANG_CXX_LIBRARY = "libc++";
				CLANG_ENABLE_MODULES = YES;
				CLANG_ENABLE_OBJC_ARC = YES;
				CLANG_WARN_BOOL_CONVERSION = YES;
				CLANG_WARN_CONSTANT_CONVERSION = YES;
				CLANG_WARN_DIRECT_OBJC_ISA_USAGE = YES_ERROR;
				CLANG_WARN_DOCUMENTATION_COMMENTS = YES;
				CLANG_WARN_EMPTY_BODY = YES;
				CLANG_WARN_ENUM_CONVERSION = YES;
				CLANG_WARN_INT_CONVERSION = YES;
				CLANG_WARN_OBJC_ROOT_CLASS = YES_ERROR;
				CLANG_WARN_UNREACHABLE_CODE = YES;
				CLANG_WARN__DUPLICATE_METHOD_MATCH = YES;
				"CODE_SIGN_IDENTITY[sdk=iphoneos*]" = "iPhone Developer";
				COPY_PHASE_STRIP = NO;
				DEBUG_INFORMATION_FORMAT = dwarf;
				ENABLE_STRICT_OBJC_MSGSEND = YES;
				ENABLE_TESTABILITY = YES;
				GCC_C_LANGUAGE_STANDARD = gnu99;
				GCC_DYNAMIC_NO_PIC = NO;
				GCC_NO_COMMON_BLOCKS = YES;
				GCC_OPTIMIZATION_LEVEL = 0;
				GCC_PREPROCESSOR_DEFINITIONS = (
					"DEBUG=1",
					"$(inherited)",
				);
				GCC_WARN_64_TO_32_BIT_CONVERSION = YES;
				GCC_WARN_ABOUT_RETURN_TYPE = YES_ERROR;
				GCC_WARN_UNDECLARED_SELECTOR = YES;
				GCC_WARN_UNINITIALIZED_AUTOS = YES_AGGRESSIVE;
				GCC_WARN_UNUSED_FUNCTION = YES;
				GCC_WARN_UNUSED_VARIABLE = YES;
				IPHONEOS_DEPLOYMENT_TARGET = 10.0;
				MTL_ENABLE_DEBUG_INFO = YES;
				ONLY_ACTIVE_ARCH = YES;
				SDKROOT = iphoneos;
				SWIFT_ACTIVE_COMPILATION_CONDITIONS = DEBUG;
				SWIFT_OPTIMIZATION_LEVEL = "-Onone";
			};
			name = Debug;
		};
		DADB2EE91D2A11E700BEC23B /* Release */ = {
			isa = XCBuildConfiguration;
			buildSettings = {
				ALWAYS_SEARCH_USER_PATHS = NO;
				CLANG_ANALYZER_NONNULL = YES;
				CLANG_CXX_LANGUAGE_STANDARD = "gnu++0x";
				CLANG_CXX_LIBRARY = "libc++";
				CLANG_ENABLE_MODULES = YES;
				CLANG_ENABLE_OBJC_ARC = YES;
				CLANG_WARN_BOOL_CONVERSION = YES;
				CLANG_WARN_CONSTANT_CONVERSION = YES;
				CLANG_WARN_DIRECT_OBJC_ISA_USAGE = YES_ERROR;
				CLANG_WARN_DOCUMENTATION_COMMENTS = YES;
				CLANG_WARN_EMPTY_BODY = YES;
				CLANG_WARN_ENUM_CONVERSION = YES;
				CLANG_WARN_INT_CONVERSION = YES;
				CLANG_WARN_OBJC_ROOT_CLASS = YES_ERROR;
				CLANG_WARN_UNREACHABLE_CODE = YES;
				CLANG_WARN__DUPLICATE_METHOD_MATCH = YES;
				"CODE_SIGN_IDENTITY[sdk=iphoneos*]" = "iPhone Developer";
				COPY_PHASE_STRIP = NO;
				DEBUG_INFORMATION_FORMAT = "dwarf-with-dsym";
				ENABLE_NS_ASSERTIONS = NO;
				ENABLE_STRICT_OBJC_MSGSEND = YES;
				GCC_C_LANGUAGE_STANDARD = gnu99;
				GCC_NO_COMMON_BLOCKS = YES;
				GCC_WARN_64_TO_32_BIT_CONVERSION = YES;
				GCC_WARN_ABOUT_RETURN_TYPE = YES_ERROR;
				GCC_WARN_UNDECLARED_SELECTOR = YES;
				GCC_WARN_UNINITIALIZED_AUTOS = YES_AGGRESSIVE;
				GCC_WARN_UNUSED_FUNCTION = YES;
				GCC_WARN_UNUSED_VARIABLE = YES;
				IPHONEOS_DEPLOYMENT_TARGET = 10.0;
				MTL_ENABLE_DEBUG_INFO = NO;
				SDKROOT = iphoneos;
				SWIFT_OPTIMIZATION_LEVEL = "-Owholemodule";
				VALIDATE_PRODUCT = YES;
			};
			name = Release;
		};
		DADB2EEB1D2A11E700BEC23B /* Debug */ = {
			isa = XCBuildConfiguration;
			buildSettings = {
				ASSETCATALOG_COMPILER_APPICON_NAME = AppIcon;
				INFOPLIST_FILE = Notifications/Info.plist;
				LD_RUNPATH_SEARCH_PATHS = "$(inherited) @executable_path/Frameworks";
				PRODUCT_BUNDLE_IDENTIFIER = d.migo.Notifications;
				PRODUCT_NAME = "$(TARGET_NAME)";
				SWIFT_VERSION = 3.0;
			};
			name = Debug;
		};
		DADB2EEC1D2A11E700BEC23B /* Release */ = {
			isa = XCBuildConfiguration;
			buildSettings = {
				ASSETCATALOG_COMPILER_APPICON_NAME = AppIcon;
				INFOPLIST_FILE = Notifications/Info.plist;
				LD_RUNPATH_SEARCH_PATHS = "$(inherited) @executable_path/Frameworks";
				PRODUCT_BUNDLE_IDENTIFIER = d.migo.Notifications;
				PRODUCT_NAME = "$(TARGET_NAME)";
				SWIFT_VERSION = 3.0;
			};
			name = Release;
		};
/* End XCBuildConfiguration section */

/* Begin XCConfigurationList section */
		DADB2ED31D2A11E600BEC23B /* Build configuration list for PBXProject "Notifications" */ = {
			isa = XCConfigurationList;
			buildConfigurations = (
				DADB2EE81D2A11E700BEC23B /* Debug */,
				DADB2EE91D2A11E700BEC23B /* Release */,
			);
			defaultConfigurationIsVisible = 0;
			defaultConfigurationName = Release;
		};
		DADB2EEA1D2A11E700BEC23B /* Build configuration list for PBXNativeTarget "Notifications" */ = {
			isa = XCConfigurationList;
			buildConfigurations = (
				DADB2EEB1D2A11E700BEC23B /* Debug */,
				DADB2EEC1D2A11E700BEC23B /* Release */,
			);
			defaultConfigurationIsVisible = 0;
		};
/* End XCConfigurationList section */
	};
	rootObject = DADB2ED01D2A11E600BEC23B /* Project object */;
}
