// !$*UTF8*$!
{
	archiveVersion = 1;
	classes = {
	};
	objectVersion = 46;
	objects = {

/* Begin PBXBuildFile section */
		D24B6E7042641FB36A5E38FF /* Pods_DataPersistence.framework in Frameworks */ = {isa = PBXBuildFile; fileRef = D00A4824C92777ED7D3E0173 /* Pods_DataPersistence.framework */; };
		DAD10BBC1D61F41600AEDBF4 /* AppDelegate.swift in Sources */ = {isa = PBXBuildFile; fileRef = DAD10BBB1D61F41600AEDBF4 /* AppDelegate.swift */; };
		DAD10BBE1D61F41600AEDBF4 /* ViewController.swift in Sources */ = {isa = PBXBuildFile; fileRef = DAD10BBD1D61F41600AEDBF4 /* ViewController.swift */; };
		DAD10BC11D61F41600AEDBF4 /* Main.storyboard in Resources */ = {isa = PBXBuildFile; fileRef = DAD10BBF1D61F41600AEDBF4 /* Main.storyboard */; };
		DAD10BC31D61F41600AEDBF4 /* Assets.xcassets in Resources */ = {isa = PBXBuildFile; fileRef = DAD10BC21D61F41600AEDBF4 /* Assets.xcassets */; };
		DAD10BC61D61F41600AEDBF4 /* LaunchScreen.storyboard in Resources */ = {isa = PBXBuildFile; fileRef = DAD10BC41D61F41600AEDBF4 /* LaunchScreen.storyboard */; };
/* End PBXBuildFile section */

/* Begin PBXFileReference section */
		7FCD18DAFD7975D7B818B91B /* Pods-DataPersistence.debug.xcconfig */ = {isa = PBXFileReference; includeInIndex = 1; lastKnownFileType = text.xcconfig; name = "Pods-DataPersistence.debug.xcconfig"; path = "../Pods/Target Support Files/Pods-DataPersistence/Pods-DataPersistence.debug.xcconfig"; sourceTree = "<group>"; };
		B4D0CF0F174025FEA556F285 /* Pods-DataPersistence.release.xcconfig */ = {isa = PBXFileReference; includeInIndex = 1; lastKnownFileType = text.xcconfig; name = "Pods-DataPersistence.release.xcconfig"; path = "../Pods/Target Support Files/Pods-DataPersistence/Pods-DataPersistence.release.xcconfig"; sourceTree = "<group>"; };
		D00A4824C92777ED7D3E0173 /* Pods_DataPersistence.framework */ = {isa = PBXFileReference; explicitFileType = wrapper.framework; includeInIndex = 0; path = Pods_DataPersistence.framework; sourceTree = BUILT_PRODUCTS_DIR; };
		DAD10BB81D61F41600AEDBF4 /* DataPersistence.app */ = {isa = PBXFileReference; explicitFileType = wrapper.application; includeInIndex = 0; path = DataPersistence.app; sourceTree = BUILT_PRODUCTS_DIR; };
		DAD10BBB1D61F41600AEDBF4 /* AppDelegate.swift */ = {isa = PBXFileReference; lastKnownFileType = sourcecode.swift; path = AppDelegate.swift; sourceTree = "<group>"; };
		DAD10BBD1D61F41600AEDBF4 /* ViewController.swift */ = {isa = PBXFileReference; lastKnownFileType = sourcecode.swift; path = ViewController.swift; sourceTree = "<group>"; };
		DAD10BC01D61F41600AEDBF4 /* Base */ = {isa = PBXFileReference; lastKnownFileType = file.storyboard; name = Base; path = Base.lproj/Main.storyboard; sourceTree = "<group>"; };
		DAD10BC21D61F41600AEDBF4 /* Assets.xcassets */ = {isa = PBXFileReference; lastKnownFileType = folder.assetcatalog; path = Assets.xcassets; sourceTree = "<group>"; };
		DAD10BC51D61F41600AEDBF4 /* Base */ = {isa = PBXFileReference; lastKnownFileType = file.storyboard; name = Base; path = Base.lproj/LaunchScreen.storyboard; sourceTree = "<group>"; };
		DAD10BC71D61F41600AEDBF4 /* Info.plist */ = {isa = PBXFileReference; lastKnownFileType = text.plist.xml; path = Info.plist; sourceTree = "<group>"; };
/* End PBXFileReference section */

/* Begin PBXFrameworksBuildPhase section */
		DAD10BB51D61F41600AEDBF4 /* Frameworks */ = {
			isa = PBXFrameworksBuildPhase;
			buildActionMask = 2147483647;
			files = (
				D24B6E7042641FB36A5E38FF /* Pods_DataPersistence.framework in Frameworks */,
			);
			runOnlyForDeploymentPostprocessing = 0;
		};
/* End PBXFrameworksBuildPhase section */

/* Begin PBXGroup section */
		50881E5B36C521BF617791E6 /* Frameworks */ = {
			isa = PBXGroup;
			children = (
				D00A4824C92777ED7D3E0173 /* Pods_DataPersistence.framework */,
			);
			name = Frameworks;
			sourceTree = "<group>";
		};
		C421456CE3C8D212DB2B2955 /* Pods */ = {
			isa = PBXGroup;
			children = (
				7FCD18DAFD7975D7B818B91B /* Pods-DataPersistence.debug.xcconfig */,
				B4D0CF0F174025FEA556F285 /* Pods-DataPersistence.release.xcconfig */,
			);
			name = Pods;
			sourceTree = "<group>";
		};
		DAD10BAF1D61F41600AEDBF4 = {
			isa = PBXGroup;
			children = (
				DAD10BBA1D61F41600AEDBF4 /* DataPersistence */,
				DAD10BB91D61F41600AEDBF4 /* Products */,
				C421456CE3C8D212DB2B2955 /* Pods */,
				50881E5B36C521BF617791E6 /* Frameworks */,
			);
			sourceTree = "<group>";
		};
		DAD10BB91D61F41600AEDBF4 /* Products */ = {
			isa = PBXGroup;
			children = (
				DAD10BB81D61F41600AEDBF4 /* DataPersistence.app */,
			);
			name = Products;
			sourceTree = "<group>";
		};
		DAD10BBA1D61F41600AEDBF4 /* DataPersistence */ = {
			isa = PBXGroup;
			children = (
				DAD10BBB1D61F41600AEDBF4 /* AppDelegate.swift */,
				DAD10BBD1D61F41600AEDBF4 /* ViewController.swift */,
				DAD10BBF1D61F41600AEDBF4 /* Main.storyboard */,
				DAD10BC21D61F41600AEDBF4 /* Assets.xcassets */,
				DAD10BC41D61F41600AEDBF4 /* LaunchScreen.storyboard */,
				DAD10BC71D61F41600AEDBF4 /* Info.plist */,
			);
			path = DataPersistence;
			sourceTree = "<group>";
		};
/* End PBXGroup section */

/* Begin PBXNativeTarget section */
		DAD10BB71D61F41600AEDBF4 /* DataPersistence */ = {
			isa = PBXNativeTarget;
			buildConfigurationList = DAD10BCA1D61F41600AEDBF4 /* Build configuration list for PBXNativeTarget "DataPersistence" */;
			buildPhases = (
				45A2DE69E09A74C3C7024CE1 /* 📦 Check Pods Manifest.lock */,
				DAD10BB41D61F41600AEDBF4 /* Sources */,
				DAD10BB51D61F41600AEDBF4 /* Frameworks */,
				DAD10BB61D61F41600AEDBF4 /* Resources */,
				9890BFB5F8A179D4B560E1D6 /* 📦 Embed Pods Frameworks */,
				413A93042F767DE90A77681D /* 📦 Copy Pods Resources */,
			);
			buildRules = (
			);
			dependencies = (
			);
			name = DataPersistence;
			productName = DataPersistence;
			productReference = DAD10BB81D61F41600AEDBF4 /* DataPersistence.app */;
			productType = "com.apple.product-type.application";
		};
/* End PBXNativeTarget section */

/* Begin PBXProject section */
		DAD10BB01D61F41600AEDBF4 /* Project object */ = {
			isa = PBXProject;
			attributes = {
				LastSwiftUpdateCheck = 0800;
				LastUpgradeCheck = 0800;
				ORGANIZATIONNAME = hzyuxiaohua;
				TargetAttributes = {
					DAD10BB71D61F41600AEDBF4 = {
						CreatedOnToolsVersion = 8.0;
						DevelopmentTeam = 3LH7676BHR;
						ProvisioningStyle = Automatic;
					};
				};
			};
			buildConfigurationList = DAD10BB31D61F41600AEDBF4 /* Build configuration list for PBXProject "DataPersistence" */;
			compatibilityVersion = "Xcode 3.2";
			developmentRegion = English;
			hasScannedForEncodings = 0;
			knownRegions = (
				en,
				Base,
			);
			mainGroup = DAD10BAF1D61F41600AEDBF4;
			productRefGroup = DAD10BB91D61F41600AEDBF4 /* Products */;
			projectDirPath = "";
			projectRoot = "";
			targets = (
				DAD10BB71D61F41600AEDBF4 /* DataPersistence */,
			);
		};
/* End PBXProject section */

/* Begin PBXResourcesBuildPhase section */
		DAD10BB61D61F41600AEDBF4 /* Resources */ = {
			isa = PBXResourcesBuildPhase;
			buildActionMask = 2147483647;
			files = (
				DAD10BC61D61F41600AEDBF4 /* LaunchScreen.storyboard in Resources */,
				DAD10BC31D61F41600AEDBF4 /* Assets.xcassets in Resources */,
				DAD10BC11D61F41600AEDBF4 /* Main.storyboard in Resources */,
			);
			runOnlyForDeploymentPostprocessing = 0;
		};
/* End PBXResourcesBuildPhase section */

/* Begin PBXShellScriptBuildPhase section */
		413A93042F767DE90A77681D /* 📦 Copy Pods Resources */ = {
			isa = PBXShellScriptBuildPhase;
			buildActionMask = 2147483647;
			files = (
			);
			inputPaths = (
			);
			name = "📦 Copy Pods Resources";
			outputPaths = (
			);
			runOnlyForDeploymentPostprocessing = 0;
			shellPath = /bin/sh;
			shellScript = "\"${SRCROOT}/../Pods/Target Support Files/Pods-DataPersistence/Pods-DataPersistence-resources.sh\"\n";
			showEnvVarsInLog = 0;
		};
		45A2DE69E09A74C3C7024CE1 /* 📦 Check Pods Manifest.lock */ = {
			isa = PBXShellScriptBuildPhase;
			buildActionMask = 2147483647;
			files = (
			);
			inputPaths = (
			);
			name = "📦 Check Pods Manifest.lock";
			outputPaths = (
			);
			runOnlyForDeploymentPostprocessing = 0;
			shellPath = /bin/sh;
			shellScript = "diff \"${PODS_ROOT}/../Podfile.lock\" \"${PODS_ROOT}/Manifest.lock\" > /dev/null\nif [[ $? != 0 ]] ; then\n    cat << EOM\nerror: The sandbox is not in sync with the Podfile.lock. Run 'pod install' or update your CocoaPods installation.\nEOM\n    exit 1\nfi\n";
			showEnvVarsInLog = 0;
		};
		9890BFB5F8A179D4B560E1D6 /* 📦 Embed Pods Frameworks */ = {
			isa = PBXShellScriptBuildPhase;
			buildActionMask = 2147483647;
			files = (
			);
			inputPaths = (
			);
			name = "📦 Embed Pods Frameworks";
			outputPaths = (
			);
			runOnlyForDeploymentPostprocessing = 0;
			shellPath = /bin/sh;
			shellScript = "\"${SRCROOT}/../Pods/Target Support Files/Pods-DataPersistence/Pods-DataPersistence-frameworks.sh\"\n";
			showEnvVarsInLog = 0;
		};
/* End PBXShellScriptBuildPhase section */

/* Begin PBXSourcesBuildPhase section */
		DAD10BB41D61F41600AEDBF4 /* Sources */ = {
			isa = PBXSourcesBuildPhase;
			buildActionMask = 2147483647;
			files = (
				DAD10BBE1D61F41600AEDBF4 /* ViewController.swift in Sources */,
				DAD10BBC1D61F41600AEDBF4 /* AppDelegate.swift in Sources */,
			);
			runOnlyForDeploymentPostprocessing = 0;
		};
/* End PBXSourcesBuildPhase section */

/* Begin PBXVariantGroup section */
		DAD10BBF1D61F41600AEDBF4 /* Main.storyboard */ = {
			isa = PBXVariantGroup;
			children = (
				DAD10BC01D61F41600AEDBF4 /* Base */,
			);
			name = Main.storyboard;
			sourceTree = "<group>";
		};
		DAD10BC41D61F41600AEDBF4 /* LaunchScreen.storyboard */ = {
			isa = PBXVariantGroup;
			children = (
				DAD10BC51D61F41600AEDBF4 /* Base */,
			);
			name = LaunchScreen.storyboard;
			sourceTree = "<group>";
		};
/* End PBXVariantGroup section */

/* Begin XCBuildConfiguration section */
		DAD10BC81D61F41600AEDBF4 /* Debug */ = {
			isa = XCBuildConfiguration;
			buildSettings = {
				ALWAYS_SEARCH_USER_PATHS = NO;
				CLANG_ANALYZER_NONNULL = YES;
				CLANG_CXX_LANGUAGE_STANDARD = "gnu++0x";
				CLANG_CXX_LIBRARY = "libc++";
				CLANG_ENABLE_MODULES = YES;
				CLANG_ENABLE_OBJC_ARC = YES;
				CLANG_WARN_BOOL_CONVERSION = YES;
				CLANG_WARN_CONSTANT_CONVERSION = YES;
				CLANG_WARN_DIRECT_OBJC_ISA_USAGE = YES_ERROR;
				CLANG_WARN_DOCUMENTATION_COMMENTS = YES;
				CLANG_WARN_EMPTY_BODY = YES;
				CLANG_WARN_ENUM_CONVERSION = YES;
				CLANG_WARN_INFINITE_RECURSION = YES;
				CLANG_WARN_INT_CONVERSION = YES;
				CLANG_WARN_OBJC_ROOT_CLASS = YES_ERROR;
				CLANG_WARN_SUSPICIOUS_MOVES = YES;
				CLANG_WARN_UNREACHABLE_CODE = YES;
				CLANG_WARN__DUPLICATE_METHOD_MATCH = YES;
				"CODE_SIGN_IDENTITY[sdk=iphoneos*]" = "iPhone Developer";
				COPY_PHASE_STRIP = NO;
				DEBUG_INFORMATION_FORMAT = dwarf;
				ENABLE_STRICT_OBJC_MSGSEND = YES;
				ENABLE_TESTABILITY = YES;
				GCC_C_LANGUAGE_STANDARD = gnu99;
				GCC_DYNAMIC_NO_PIC = NO;
				GCC_NO_COMMON_BLOCKS = YES;
				GCC_OPTIMIZATION_LEVEL = 0;
				GCC_PREPROCESSOR_DEFINITIONS = (
					"DEBUG=1",
					"$(inherited)",
				);
				GCC_WARN_64_TO_32_BIT_CONVERSION = YES;
				GCC_WARN_ABOUT_RETURN_TYPE = YES_ERROR;
				GCC_WARN_UNDECLARED_SELECTOR = YES;
				GCC_WARN_UNINITIALIZED_AUTOS = YES_AGGRESSIVE;
				GCC_WARN_UNUSED_FUNCTION = YES;
				GCC_WARN_UNUSED_VARIABLE = YES;
				IPHONEOS_DEPLOYMENT_TARGET = 10.0;
				MTL_ENABLE_DEBUG_INFO = YES;
				ONLY_ACTIVE_ARCH = YES;
				SDKROOT = iphoneos;
				SWIFT_ACTIVE_COMPILATION_CONDITIONS = DEBUG;
				SWIFT_OPTIMIZATION_LEVEL = "-Onone";
				TARGETED_DEVICE_FAMILY = "1,2";
			};
			name = Debug;
		};
		DAD10BC91D61F41600AEDBF4 /* Release */ = {
			isa = XCBuildConfiguration;
			buildSettings = {
				ALWAYS_SEARCH_USER_PATHS = NO;
				CLANG_ANALYZER_NONNULL = YES;
				CLANG_CXX_LANGUAGE_STANDARD = "gnu++0x";
				CLANG_CXX_LIBRARY = "libc++";
				CLANG_ENABLE_MODULES = YES;
				CLANG_ENABLE_OBJC_ARC = YES;
				CLANG_WARN_BOOL_CONVERSION = YES;
				CLANG_WARN_CONSTANT_CONVERSION = YES;
				CLANG_WARN_DIRECT_OBJC_ISA_USAGE = YES_ERROR;
				CLANG_WARN_DOCUMENTATION_COMMENTS = YES;
				CLANG_WARN_EMPTY_BODY = YES;
				CLANG_WARN_ENUM_CONVERSION = YES;
				CLANG_WARN_INFINITE_RECURSION = YES;
				CLANG_WARN_INT_CONVERSION = YES;
				CLANG_WARN_OBJC_ROOT_CLASS = YES_ERROR;
				CLANG_WARN_SUSPICIOUS_MOVES = YES;
				CLANG_WARN_UNREACHABLE_CODE = YES;
				CLANG_WARN__DUPLICATE_METHOD_MATCH = YES;
				"CODE_SIGN_IDENTITY[sdk=iphoneos*]" = "iPhone Developer";
				COPY_PHASE_STRIP = NO;
				DEBUG_INFORMATION_FORMAT = "dwarf-with-dsym";
				ENABLE_NS_ASSERTIONS = NO;
				ENABLE_STRICT_OBJC_MSGSEND = YES;
				GCC_C_LANGUAGE_STANDARD = gnu99;
				GCC_NO_COMMON_BLOCKS = YES;
				GCC_WARN_64_TO_32_BIT_CONVERSION = YES;
				GCC_WARN_ABOUT_RETURN_TYPE = YES_ERROR;
				GCC_WARN_UNDECLARED_SELECTOR = YES;
				GCC_WARN_UNINITIALIZED_AUTOS = YES_AGGRESSIVE;
				GCC_WARN_UNUSED_FUNCTION = YES;
				GCC_WARN_UNUSED_VARIABLE = YES;
				IPHONEOS_DEPLOYMENT_TARGET = 10.0;
				MTL_ENABLE_DEBUG_INFO = NO;
				SDKROOT = iphoneos;
				SWIFT_OPTIMIZATION_LEVEL = "-Owholemodule";
				TARGETED_DEVICE_FAMILY = "1,2";
				VALIDATE_PRODUCT = YES;
			};
			name = Release;
		};
		DAD10BCB1D61F41600AEDBF4 /* Debug */ = {
			isa = XCBuildConfiguration;
			baseConfigurationReference = 7FCD18DAFD7975D7B818B91B /* Pods-DataPersistence.debug.xcconfig */;
			buildSettings = {
				ASSETCATALOG_COMPILER_APPICON_NAME = AppIcon;
				DEVELOPMENT_TEAM = 3LH7676BHR;
				INFOPLIST_FILE = DataPersistence/Info.plist;
				LD_RUNPATH_SEARCH_PATHS = "$(inherited) @executable_path/Frameworks";
				PRODUCT_BUNDLE_IDENTIFIER = "X-Co.--Ltd..DataPersistence";
				PRODUCT_NAME = "$(TARGET_NAME)";
				SWIFT_VERSION = 2.3;
			};
			name = Debug;
		};
		DAD10BCC1D61F41600AEDBF4 /* Release */ = {
			isa = XCBuildConfiguration;
			baseConfigurationReference = B4D0CF0F174025FEA556F285 /* Pods-DataPersistence.release.xcconfig */;
			buildSettings = {
				ASSETCATALOG_COMPILER_APPICON_NAME = AppIcon;
				DEVELOPMENT_TEAM = 3LH7676BHR;
				INFOPLIST_FILE = DataPersistence/Info.plist;
				LD_RUNPATH_SEARCH_PATHS = "$(inherited) @executable_path/Frameworks";
				PRODUCT_BUNDLE_IDENTIFIER = "X-Co.--Ltd..DataPersistence";
				PRODUCT_NAME = "$(TARGET_NAME)";
				SWIFT_VERSION = 2.3;
			};
			name = Release;
		};
/* End XCBuildConfiguration section */

/* Begin XCConfigurationList section */
		DAD10BB31D61F41600AEDBF4 /* Build configuration list for PBXProject "DataPersistence" */ = {
			isa = XCConfigurationList;
			buildConfigurations = (
				DAD10BC81D61F41600AEDBF4 /* Debug */,
				DAD10BC91D61F41600AEDBF4 /* Release */,
			);
			defaultConfigurationIsVisible = 0;
			defaultConfigurationName = Release;
		};
		DAD10BCA1D61F41600AEDBF4 /* Build configuration list for PBXNativeTarget "DataPersistence" */ = {
			isa = XCConfigurationList;
			buildConfigurations = (
				DAD10BCB1D61F41600AEDBF4 /* Debug */,
				DAD10BCC1D61F41600AEDBF4 /* Release */,
			);
			defaultConfigurationIsVisible = 0;
			defaultConfigurationName = Release;
		};
/* End XCConfigurationList section */
	};
	rootObject = DAD10BB01D61F41600AEDBF4 /* Project object */;
}
